
Microsoft Visual Studio Solution File, Format Version 12.00
Project("{FAE04EC0-301F-11D3-BF4B-00C04F79EFBC}") = "Sempl", "Sempl\Sempl.csproj", "{2B621E90-0C0E-4E3F-B759-079AFB9F1498}"
EndProject
Project("{2150E333-8FDC-42A3-9474-1A3956D46DE8}") = "Core", "Core", "{5F77E2D9-2C25-431A-8BA8-4708052A8F10}"
EndProject
Project("{2150E333-8FDC-42A3-9474-1A3956D46DE8}") = "Data", "Data", "{8AA7FD13-118A-4E3B-BA61-B91590502BD8}"
EndProject
Project("{FAE04EC0-301F-11D3-BF4B-00C04F79EFBC}") = "REST.EfCore", "Core\Data\REST.EfCore\REST.EfCore.csproj", "{E5648684-953C-44FC-B49A-FC1550840744}"
EndProject
Project("{FAE04EC0-301F-11D3-BF4B-00C04F79EFBC}") = "REST.DataCore", "Core\Data\REST.DataCore\REST.DataCore.csproj", "{ED7AA8CD-2020-4D69-84B1-54465C5360B8}"
EndProject
Project("{FAE04EC0-301F-11D3-BF4B-00C04F79EFBC}") = "REST.Core", "Core\REST.Core\REST.Core.csproj", "{E583D206-C2FB-4266-89AC-C7F8E2B8DAEA}"
EndProject
Project("{FAE04EC0-301F-11D3-BF4B-00C04F79EFBC}") = "REST.Linq2DbCore", "Core\Data\REST.Linq2DbCore\REST.Linq2DbCore.csproj", "{3671A140-B86F-48B4-A8C8-AEFEA6541F35}"
EndProject
Project("{FAE04EC0-301F-11D3-BF4B-00C04F79EFBC}") = "REST.Infrastructure", "Core\REST.Infrastructure\REST.Infrastructure.csproj", "{5764077E-A7E1-4270-A678-E112E5DF7044}"
EndProject
Global
	GlobalSection(SolutionConfigurationPlatforms) = preSolution
		Debug|Any CPU = Debug|Any CPU
		Release|Any CPU = Release|Any CPU
	EndGlobalSection
	GlobalSection(ProjectConfigurationPlatforms) = postSolution
		{2B621E90-0C0E-4E3F-B759-079AFB9F1498}.Debug|Any CPU.ActiveCfg = Debug|Any CPU
		{2B621E90-0C0E-4E3F-B759-079AFB9F1498}.Debug|Any CPU.Build.0 = Debug|Any CPU
		{2B621E90-0C0E-4E3F-B759-079AFB9F1498}.Release|Any CPU.ActiveCfg = Release|Any CPU
		{2B621E90-0C0E-4E3F-B759-079AFB9F1498}.Release|Any CPU.Build.0 = Release|Any CPU
		{E5648684-953C-44FC-B49A-FC1550840744}.Debug|Any CPU.ActiveCfg = Debug|Any CPU
		{E5648684-953C-44FC-B49A-FC1550840744}.Debug|Any CPU.Build.0 = Debug|Any CPU
		{E5648684-953C-44FC-B49A-FC1550840744}.Release|Any CPU.ActiveCfg = Release|Any CPU
		{E5648684-953C-44FC-B49A-FC1550840744}.Release|Any CPU.Build.0 = Release|Any CPU
		{ED7AA8CD-2020-4D69-84B1-54465C5360B8}.Debug|Any CPU.ActiveCfg = Debug|Any CPU
		{ED7AA8CD-2020-4D69-84B1-54465C5360B8}.Debug|Any CPU.Build.0 = Debug|Any CPU
		{ED7AA8CD-2020-4D69-84B1-54465C5360B8}.Release|Any CPU.ActiveCfg = Release|Any CPU
		{ED7AA8CD-2020-4D69-84B1-54465C5360B8}.Release|Any CPU.Build.0 = Release|Any CPU
		{E583D206-C2FB-4266-89AC-C7F8E2B8DAEA}.Debug|Any CPU.ActiveCfg = Debug|Any CPU
		{E583D206-C2FB-4266-89AC-C7F8E2B8DAEA}.Debug|Any CPU.Build.0 = Debug|Any CPU
		{E583D206-C2FB-4266-89AC-C7F8E2B8DAEA}.Release|Any CPU.ActiveCfg = Release|Any CPU
		{E583D206-C2FB-4266-89AC-C7F8E2B8DAEA}.Release|Any CPU.Build.0 = Release|Any CPU
		{3671A140-B86F-48B4-A8C8-AEFEA6541F35}.Debug|Any CPU.ActiveCfg = Debug|Any CPU
		{3671A140-B86F-48B4-A8C8-AEFEA6541F35}.Debug|Any CPU.Build.0 = Debug|Any CPU
		{3671A140-B86F-48B4-A8C8-AEFEA6541F35}.Release|Any CPU.ActiveCfg = Release|Any CPU
		{3671A140-B86F-48B4-A8C8-AEFEA6541F35}.Release|Any CPU.Build.0 = Release|Any CPU
		{5764077E-A7E1-4270-A678-E112E5DF7044}.Debug|Any CPU.ActiveCfg = Debug|Any CPU
		{5764077E-A7E1-4270-A678-E112E5DF7044}.Debug|Any CPU.Build.0 = Debug|Any CPU
		{5764077E-A7E1-4270-A678-E112E5DF7044}.Release|Any CPU.ActiveCfg = Release|Any CPU
		{5764077E-A7E1-4270-A678-E112E5DF7044}.Release|Any CPU.Build.0 = Release|Any CPU
	EndGlobalSection
	GlobalSection(NestedProjects) = preSolution
		{E583D206-C2FB-4266-89AC-C7F8E2B8DAEA} = {5F77E2D9-2C25-431A-8BA8-4708052A8F10}
		{8AA7FD13-118A-4E3B-BA61-B91590502BD8} = {5F77E2D9-2C25-431A-8BA8-4708052A8F10}
		{ED7AA8CD-2020-4D69-84B1-54465C5360B8} = {8AA7FD13-118A-4E3B-BA61-B91590502BD8}
		{E5648684-953C-44FC-B49A-FC1550840744} = {8AA7FD13-118A-4E3B-BA61-B91590502BD8}
		{3671A140-B86F-48B4-A8C8-AEFEA6541F35} = {8AA7FD13-118A-4E3B-BA61-B91590502BD8}
		{5764077E-A7E1-4270-A678-E112E5DF7044} = {5F77E2D9-2C25-431A-8BA8-4708052A8F10}
	EndGlobalSection
EndGlobal
